
Microsoft Visual Studio Solution File, Format Version 12.00
# Visual Studio 15
VisualStudioVersion = 15.0.27130.2010
MinimumVisualStudioVersion = 10.0.40219.1
Project("{FAE04EC0-301F-11D3-BF4B-00C04F79EFBC}") = "BusinessCardScanner", "BusinessCardScanner\BusinessCardScanner\BusinessCardScanner.csproj", "{D26B274E-83C4-4EBF-A41D-250AD8286663}"
EndProject
Project("{FAE04EC0-301F-11D3-BF4B-00C04F79EFBC}") = "BusinessCardScanner.Android", "BusinessCardScanner\BusinessCardScanner.Android\BusinessCardScanner.Android.csproj", "{A5FCD36B-9DC3-41D8-A912-56CF0A462890}"
EndProject
Project("{FAE04EC0-301F-11D3-BF4B-00C04F79EFBC}") = "BusinessCardScanner.iOS", "BusinessCardScanner\BusinessCardScanner.iOS\BusinessCardScanner.iOS.csproj", "{8CA67008-D6DC-4A5F-9BC7-1DFCC3BFA89A}"
EndProject
Global
	GlobalSection(SolutionConfigurationPlatforms) = preSolution
		Ad-Hoc|Any CPU = Ad-Hoc|Any CPU
		Ad-Hoc|iPhone = Ad-Hoc|iPhone
		Ad-Hoc|iPhoneSimulator = Ad-Hoc|iPhoneSimulator
		AppStore|Any CPU = AppStore|Any CPU
		AppStore|iPhone = AppStore|iPhone
		AppStore|iPhoneSimulator = AppStore|iPhoneSimulator
		Debug|Any CPU = Debug|Any CPU
		Debug|iPhone = Debug|iPhone
		Debug|iPhoneSimulator = Debug|iPhoneSimulator
		Release|Any CPU = Release|Any CPU
		Release|iPhone = Release|iPhone
		Release|iPhoneSimulator = Release|iPhoneSimulator
	EndGlobalSection
	GlobalSection(ProjectConfigurationPlatforms) = postSolution
		{D26B274E-83C4-4EBF-A41D-250AD8286663}.Ad-Hoc|Any CPU.ActiveCfg = Debug|Any CPU
		{D26B274E-83C4-4EBF-A41D-250AD8286663}.Ad-Hoc|Any CPU.Build.0 = Debug|Any CPU
		{D26B274E-83C4-4EBF-A41D-250AD8286663}.Ad-Hoc|iPhone.ActiveCfg = Debug|Any CPU
		{D26B274E-83C4-4EBF-A41D-250AD8286663}.Ad-Hoc|iPhone.Build.0 = Debug|Any CPU
		{D26B274E-83C4-4EBF-A41D-250AD8286663}.Ad-Hoc|iPhoneSimulator.ActiveCfg = Debug|Any CPU
		{D26B274E-83C4-4EBF-A41D-250AD8286663}.Ad-Hoc|iPhoneSimulator.Build.0 = Debug|Any CPU
		{D26B274E-83C4-4EBF-A41D-250AD8286663}.AppStore|Any CPU.ActiveCfg = Debug|Any CPU
		{D26B274E-83C4-4EBF-A41D-250AD8286663}.AppStore|Any CPU.Build.0 = Debug|Any CPU
		{D26B274E-83C4-4EBF-A41D-250AD8286663}.AppStore|iPhone.ActiveCfg = Debug|Any CPU
		{D26B274E-83C4-4EBF-A41D-250AD8286663}.AppStore|iPhone.Build.0 = Debug|Any CPU
		{D26B274E-83C4-4EBF-A41D-250AD8286663}.AppStore|iPhoneSimulator.ActiveCfg = Debug|Any CPU
		{D26B274E-83C4-4EBF-A41D-250AD8286663}.AppStore|iPhoneSimulator.Build.0 = Debug|Any CPU
		{D26B274E-83C4-4EBF-A41D-250AD8286663}.Debug|Any CPU.ActiveCfg = Debug|Any CPU
		{D26B274E-83C4-4EBF-A41D-250AD8286663}.Debug|Any CPU.Build.0 = Debug|Any CPU
		{D26B274E-83C4-4EBF-A41D-250AD8286663}.Debug|iPhone.ActiveCfg = Debug|Any CPU
		{D26B274E-83C4-4EBF-A41D-250AD8286663}.Debug|iPhone.Build.0 = Debug|Any CPU
		{D26B274E-83C4-4EBF-A41D-250AD8286663}.Debug|iPhoneSimulator.ActiveCfg = Debug|Any CPU
		{D26B274E-83C4-4EBF-A41D-250AD8286663}.Debug|iPhoneSimulator.Build.0 = Debug|Any CPU
		{D26B274E-83C4-4EBF-A41D-250AD8286663}.Release|Any CPU.ActiveCfg = Release|Any CPU
		{D26B274E-83C4-4EBF-A41D-250AD8286663}.Release|Any CPU.Build.0 = Release|Any CPU
		{D26B274E-83C4-4EBF-A41D-250AD8286663}.Release|iPhone.ActiveCfg = Release|Any CPU
		{D26B274E-83C4-4EBF-A41D-250AD8286663}.Release|iPhone.Build.0 = Release|Any CPU
		{D26B274E-83C4-4EBF-A41D-250AD8286663}.Release|iPhoneSimulator.ActiveCfg = Release|Any CPU
		{D26B274E-83C4-4EBF-A41D-250AD8286663}.Release|iPhoneSimulator.Build.0 = Release|Any CPU
		{A5FCD36B-9DC3-41D8-A912-56CF0A462890}.Ad-Hoc|Any CPU.ActiveCfg = Release|Any CPU
		{A5FCD36B-9DC3-41D8-A912-56CF0A462890}.Ad-Hoc|Any CPU.Build.0 = Release|Any CPU
		{A5FCD36B-9DC3-41D8-A912-56CF0A462890}.Ad-Hoc|Any CPU.Deploy.0 = Release|Any CPU
		{A5FCD36B-9DC3-41D8-A912-56CF0A462890}.Ad-Hoc|iPhone.ActiveCfg = Release|Any CPU
		{A5FCD36B-9DC3-41D8-A912-56CF0A462890}.Ad-Hoc|iPhone.Build.0 = Release|Any CPU
		{A5FCD36B-9DC3-41D8-A912-56CF0A462890}.Ad-Hoc|iPhone.Deploy.0 = Release|Any CPU
		{A5FCD36B-9DC3-41D8-A912-56CF0A462890}.Ad-Hoc|iPhoneSimulator.ActiveCfg = Release|Any CPU
		{A5FCD36B-9DC3-41D8-A912-56CF0A462890}.Ad-Hoc|iPhoneSimulator.Build.0 = Release|Any CPU
		{A5FCD36B-9DC3-41D8-A912-56CF0A462890}.Ad-Hoc|iPhoneSimulator.Deploy.0 = Release|Any CPU
		{A5FCD36B-9DC3-41D8-A912-56CF0A462890}.AppStore|Any CPU.ActiveCfg = Release|Any CPU
		{A5FCD36B-9DC3-41D8-A912-56CF0A462890}.AppStore|Any CPU.Build.0 = Release|Any CPU
		{A5FCD36B-9DC3-41D8-A912-56CF0A462890}.AppStore|Any CPU.Deploy.0 = Release|Any CPU
		{A5FCD36B-9DC3-41D8-A912-56CF0A462890}.AppStore|iPhone.ActiveCfg = Release|Any CPU
		{A5FCD36B-9DC3-41D8-A912-56CF0A462890}.AppStore|iPhone.Build.0 = Release|Any CPU
		{A5FCD36B-9DC3-41D8-A912-56CF0A462890}.AppStore|iPhone.Deploy.0 = Release|Any CPU
		{A5FCD36B-9DC3-41D8-A912-56CF0A462890}.AppStore|iPhoneSimulator.ActiveCfg = Release|Any CPU
		{A5FCD36B-9DC3-41D8-A912-56CF0A462890}.AppStore|iPhoneSimulator.Build.0 = Release|Any CPU
		{A5FCD36B-9DC3-41D8-A912-56CF0A462890}.AppStore|iPhoneSimulator.Deploy.0 = Release|Any CPU
		{A5FCD36B-9DC3-41D8-A912-56CF0A462890}.Debug|Any CPU.ActiveCfg = Debug|Any CPU
		{A5FCD36B-9DC3-41D8-A912-56CF0A462890}.Debug|Any CPU.Build.0 = Debug|Any CPU
		{A5FCD36B-9DC3-41D8-A912-56CF0A462890}.Debug|Any CPU.Deploy.0 = Debug|Any CPU
		{A5FCD36B-9DC3-41D8-A912-56CF0A462890}.Debug|iPhone.ActiveCfg = Debug|Any CPU
		{A5FCD36B-9DC3-41D8-A912-56CF0A462890}.Debug|iPhone.Build.0 = Debug|Any CPU
		{A5FCD36B-9DC3-41D8-A912-56CF0A462890}.Debug|iPhone.Deploy.0 = Debug|Any CPU
		{A5FCD36B-9DC3-41D8-A912-56CF0A462890}.Debug|iPhoneSimulator.ActiveCfg = Debug|Any CPU
		{A5FCD36B-9DC3-41D8-A912-56CF0A462890}.Debug|iPhoneSimulator.Build.0 = Debug|Any CPU
		{A5FCD36B-9DC3-41D8-A912-56CF0A462890}.Debug|iPhoneSimulator.Deploy.0 = Debug|Any CPU
		{A5FCD36B-9DC3-41D8-A912-56CF0A462890}.Release|Any CPU.ActiveCfg = Release|Any CPU
		{A5FCD36B-9DC3-41D8-A912-56CF0A462890}.Release|Any CPU.Build.0 = Release|Any CPU
		{A5FCD36B-9DC3-41D8-A912-56CF0A462890}.Release|Any CPU.Deploy.0 = Release|Any CPU
		{A5FCD36B-9DC3-41D8-A912-56CF0A462890}.Release|iPhone.ActiveCfg = Release|Any CPU
		{A5FCD36B-9DC3-41D8-A912-56CF0A462890}.Release|iPhone.Build.0 = Release|Any CPU
		{A5FCD36B-9DC3-41D8-A912-56CF0A462890}.Release|iPhone.Deploy.0 = Release|Any CPU
		{A5FCD36B-9DC3-41D8-A912-56CF0A462890}.Release|iPhoneSimulator.ActiveCfg = Release|Any CPU
		{A5FCD36B-9DC3-41D8-A912-56CF0A462890}.Release|iPhoneSimulator.Build.0 = Release|Any CPU
		{A5FCD36B-9DC3-41D8-A912-56CF0A462890}.Release|iPhoneSimulator.Deploy.0 = Release|Any CPU
		{8CA67008-D6DC-4A5F-9BC7-1DFCC3BFA89A}.Ad-Hoc|Any CPU.ActiveCfg = Ad-Hoc|iPhone
		{8CA67008-D6DC-4A5F-9BC7-1DFCC3BFA89A}.Ad-Hoc|iPhone.ActiveCfg = Ad-Hoc|iPhone
		{8CA67008-D6DC-4A5F-9BC7-1DFCC3BFA89A}.Ad-Hoc|iPhone.Build.0 = Ad-Hoc|iPhone
		{8CA67008-D6DC-4A5F-9BC7-1DFCC3BFA89A}.Ad-Hoc|iPhoneSimulator.ActiveCfg = Ad-Hoc|iPhoneSimulator
		{8CA67008-D6DC-4A5F-9BC7-1DFCC3BFA89A}.Ad-Hoc|iPhoneSimulator.Build.0 = Ad-Hoc|iPhoneSimulator
		{8CA67008-D6DC-4A5F-9BC7-1DFCC3BFA89A}.AppStore|Any CPU.ActiveCfg = AppStore|iPhone
		{8CA67008-D6DC-4A5F-9BC7-1DFCC3BFA89A}.AppStore|iPhone.ActiveCfg = AppStore|iPhone
		{8CA67008-D6DC-4A5F-9BC7-1DFCC3BFA89A}.AppStore|iPhone.Build.0 = AppStore|iPhone
		{8CA67008-D6DC-4A5F-9BC7-1DFCC3BFA89A}.AppStore|iPhoneSimulator.ActiveCfg = AppStore|iPhoneSimulator
		{8CA67008-D6DC-4A5F-9BC7-1DFCC3BFA89A}.AppStore|iPhoneSimulator.Build.0 = AppStore|iPhoneSimulator
		{8CA67008-D6DC-4A5F-9BC7-1DFCC3BFA89A}.Debug|Any CPU.ActiveCfg = Debug|iPhone
		{8CA67008-D6DC-4A5F-9BC7-1DFCC3BFA89A}.Debug|iPhone.ActiveCfg = Debug|iPhone
		{8CA67008-D6DC-4A5F-9BC7-1DFCC3BFA89A}.Debug|iPhone.Build.0 = Debug|iPhone
		{8CA67008-D6DC-4A5F-9BC7-1DFCC3BFA89A}.Debug|iPhoneSimulator.ActiveCfg = Debug|iPhoneSimulator
		{8CA67008-D6DC-4A5F-9BC7-1DFCC3BFA89A}.Debug|iPhoneSimulator.Build.0 = Debug|iPhoneSimulator
		{8CA67008-D6DC-4A5F-9BC7-1DFCC3BFA89A}.Release|Any CPU.ActiveCfg = Release|iPhone
		{8CA67008-D6DC-4A5F-9BC7-1DFCC3BFA89A}.Release|iPhone.ActiveCfg = Release|iPhone
		{8CA67008-D6DC-4A5F-9BC7-1DFCC3BFA89A}.Release|iPhone.Build.0 = Release|iPhone
		{8CA67008-D6DC-4A5F-9BC7-1DFCC3BFA89A}.Release|iPhoneSimulator.ActiveCfg = Release|iPhoneSimulator
		{8CA67008-D6DC-4A5F-9BC7-1DFCC3BFA89A}.Release|iPhoneSimulator.Build.0 = Release|iPhoneSimulator
	EndGlobalSection
	GlobalSection(SolutionProperties) = preSolution
		HideSolutionNode = FALSE
	EndGlobalSection
	GlobalSection(ExtensibilityGlobals) = postSolution
		SolutionGuid = {2FF8A122-50AB-4856-8C43-D03E00AA39B6}
	EndGlobalSection
EndGlobal
