
Microsoft Visual Studio Solution File, Format Version 12.00
# Visual Studio 15
VisualStudioVersion = 15.0.27004.2005
MinimumVisualStudioVersion = 10.0.40219.1
Project("{FAE04EC0-301F-11D3-BF4B-00C04F79EFBC}") = "BusinessCardScanner.Android", "BusinessCardScanner\BusinessCardScanner.Android\BusinessCardScanner.Android.csproj", "{602F8EDF-2FBD-429F-8296-252CFE0A95C6}"
EndProject
Project("{FAE04EC0-301F-11D3-BF4B-00C04F79EFBC}") = "BusinessCardScanner.iOS", "BusinessCardScanner\BusinessCardScanner.iOS\BusinessCardScanner.iOS.csproj", "{56C31E33-4D8A-49C5-9BD7-E5E7AA1135B7}"
EndProject
Project("{FAE04EC0-301F-11D3-BF4B-00C04F79EFBC}") = "BusinessCardScanner.UWP", "BusinessCardScanner\BusinessCardScanner.UWP\BusinessCardScanner.UWP.csproj", "{B5842546-0D0A-4F2B-8FC8-C2AE3255908D}"
EndProject
Project("{9A19103F-16F7-4668-BE54-9A1E7A4F7556}") = "BusinessCardScanner", "BusinessCardScanner\BusinessCardScanner\BusinessCardScanner.csproj", "{1ED9584A-3155-404E-9104-A5B60E2F5589}"
EndProject
Project("{FAE04EC0-301F-11D3-BF4B-00C04F79EFBC}") = "BusinessCardScanner.Cognitive", "BusinessCardScanner.Cognitive\BusinessCardScanner.Cognitive.csproj", "{EEABBD19-B002-4BCD-A476-17BF306C9813}"
EndProject
Global
	GlobalSection(SolutionConfigurationPlatforms) = preSolution
		Ad-Hoc|Any CPU = Ad-Hoc|Any CPU
		Ad-Hoc|ARM = Ad-Hoc|ARM
		Ad-Hoc|iPhone = Ad-Hoc|iPhone
		Ad-Hoc|iPhoneSimulator = Ad-Hoc|iPhoneSimulator
		Ad-Hoc|x64 = Ad-Hoc|x64
		Ad-Hoc|x86 = Ad-Hoc|x86
		AppStore|Any CPU = AppStore|Any CPU
		AppStore|ARM = AppStore|ARM
		AppStore|iPhone = AppStore|iPhone
		AppStore|iPhoneSimulator = AppStore|iPhoneSimulator
		AppStore|x64 = AppStore|x64
		AppStore|x86 = AppStore|x86
		Debug|Any CPU = Debug|Any CPU
		Debug|ARM = Debug|ARM
		Debug|iPhone = Debug|iPhone
		Debug|iPhoneSimulator = Debug|iPhoneSimulator
		Debug|x64 = Debug|x64
		Debug|x86 = Debug|x86
		Release|Any CPU = Release|Any CPU
		Release|ARM = Release|ARM
		Release|iPhone = Release|iPhone
		Release|iPhoneSimulator = Release|iPhoneSimulator
		Release|x64 = Release|x64
		Release|x86 = Release|x86
	EndGlobalSection
	GlobalSection(ProjectConfigurationPlatforms) = postSolution
		{602F8EDF-2FBD-429F-8296-252CFE0A95C6}.Ad-Hoc|Any CPU.ActiveCfg = Release|Any CPU
		{602F8EDF-2FBD-429F-8296-252CFE0A95C6}.Ad-Hoc|Any CPU.Build.0 = Release|Any CPU
		{602F8EDF-2FBD-429F-8296-252CFE0A95C6}.Ad-Hoc|Any CPU.Deploy.0 = Release|Any CPU
		{602F8EDF-2FBD-429F-8296-252CFE0A95C6}.Ad-Hoc|ARM.ActiveCfg = Release|Any CPU
		{602F8EDF-2FBD-429F-8296-252CFE0A95C6}.Ad-Hoc|ARM.Build.0 = Release|Any CPU
		{602F8EDF-2FBD-429F-8296-252CFE0A95C6}.Ad-Hoc|ARM.Deploy.0 = Release|Any CPU
		{602F8EDF-2FBD-429F-8296-252CFE0A95C6}.Ad-Hoc|iPhone.ActiveCfg = Release|Any CPU
		{602F8EDF-2FBD-429F-8296-252CFE0A95C6}.Ad-Hoc|iPhone.Build.0 = Release|Any CPU
		{602F8EDF-2FBD-429F-8296-252CFE0A95C6}.Ad-Hoc|iPhone.Deploy.0 = Release|Any CPU
		{602F8EDF-2FBD-429F-8296-252CFE0A95C6}.Ad-Hoc|iPhoneSimulator.ActiveCfg = Release|Any CPU
		{602F8EDF-2FBD-429F-8296-252CFE0A95C6}.Ad-Hoc|iPhoneSimulator.Build.0 = Release|Any CPU
		{602F8EDF-2FBD-429F-8296-252CFE0A95C6}.Ad-Hoc|iPhoneSimulator.Deploy.0 = Release|Any CPU
		{602F8EDF-2FBD-429F-8296-252CFE0A95C6}.Ad-Hoc|x64.ActiveCfg = Release|Any CPU
		{602F8EDF-2FBD-429F-8296-252CFE0A95C6}.Ad-Hoc|x64.Build.0 = Release|Any CPU
		{602F8EDF-2FBD-429F-8296-252CFE0A95C6}.Ad-Hoc|x64.Deploy.0 = Release|Any CPU
		{602F8EDF-2FBD-429F-8296-252CFE0A95C6}.Ad-Hoc|x86.ActiveCfg = Release|Any CPU
		{602F8EDF-2FBD-429F-8296-252CFE0A95C6}.Ad-Hoc|x86.Build.0 = Release|Any CPU
		{602F8EDF-2FBD-429F-8296-252CFE0A95C6}.Ad-Hoc|x86.Deploy.0 = Release|Any CPU
		{602F8EDF-2FBD-429F-8296-252CFE0A95C6}.AppStore|Any CPU.ActiveCfg = Release|Any CPU
		{602F8EDF-2FBD-429F-8296-252CFE0A95C6}.AppStore|Any CPU.Build.0 = Release|Any CPU
		{602F8EDF-2FBD-429F-8296-252CFE0A95C6}.AppStore|Any CPU.Deploy.0 = Release|Any CPU
		{602F8EDF-2FBD-429F-8296-252CFE0A95C6}.AppStore|ARM.ActiveCfg = Release|Any CPU
		{602F8EDF-2FBD-429F-8296-252CFE0A95C6}.AppStore|ARM.Build.0 = Release|Any CPU
		{602F8EDF-2FBD-429F-8296-252CFE0A95C6}.AppStore|ARM.Deploy.0 = Release|Any CPU
		{602F8EDF-2FBD-429F-8296-252CFE0A95C6}.AppStore|iPhone.ActiveCfg = Release|Any CPU
		{602F8EDF-2FBD-429F-8296-252CFE0A95C6}.AppStore|iPhone.Build.0 = Release|Any CPU
		{602F8EDF-2FBD-429F-8296-252CFE0A95C6}.AppStore|iPhone.Deploy.0 = Release|Any CPU
		{602F8EDF-2FBD-429F-8296-252CFE0A95C6}.AppStore|iPhoneSimulator.ActiveCfg = Release|Any CPU
		{602F8EDF-2FBD-429F-8296-252CFE0A95C6}.AppStore|iPhoneSimulator.Build.0 = Release|Any CPU
		{602F8EDF-2FBD-429F-8296-252CFE0A95C6}.AppStore|iPhoneSimulator.Deploy.0 = Release|Any CPU
		{602F8EDF-2FBD-429F-8296-252CFE0A95C6}.AppStore|x64.ActiveCfg = Release|Any CPU
		{602F8EDF-2FBD-429F-8296-252CFE0A95C6}.AppStore|x64.Build.0 = Release|Any CPU
		{602F8EDF-2FBD-429F-8296-252CFE0A95C6}.AppStore|x64.Deploy.0 = Release|Any CPU
		{602F8EDF-2FBD-429F-8296-252CFE0A95C6}.AppStore|x86.ActiveCfg = Release|Any CPU
		{602F8EDF-2FBD-429F-8296-252CFE0A95C6}.AppStore|x86.Build.0 = Release|Any CPU
		{602F8EDF-2FBD-429F-8296-252CFE0A95C6}.AppStore|x86.Deploy.0 = Release|Any CPU
		{602F8EDF-2FBD-429F-8296-252CFE0A95C6}.Debug|Any CPU.ActiveCfg = Debug|Any CPU
		{602F8EDF-2FBD-429F-8296-252CFE0A95C6}.Debug|Any CPU.Build.0 = Debug|Any CPU
		{602F8EDF-2FBD-429F-8296-252CFE0A95C6}.Debug|Any CPU.Deploy.0 = Debug|Any CPU
		{602F8EDF-2FBD-429F-8296-252CFE0A95C6}.Debug|ARM.ActiveCfg = Debug|Any CPU
		{602F8EDF-2FBD-429F-8296-252CFE0A95C6}.Debug|ARM.Build.0 = Debug|Any CPU
		{602F8EDF-2FBD-429F-8296-252CFE0A95C6}.Debug|ARM.Deploy.0 = Debug|Any CPU
		{602F8EDF-2FBD-429F-8296-252CFE0A95C6}.Debug|iPhone.ActiveCfg = Debug|Any CPU
		{602F8EDF-2FBD-429F-8296-252CFE0A95C6}.Debug|iPhone.Build.0 = Debug|Any CPU
		{602F8EDF-2FBD-429F-8296-252CFE0A95C6}.Debug|iPhone.Deploy.0 = Debug|Any CPU
		{602F8EDF-2FBD-429F-8296-252CFE0A95C6}.Debug|iPhoneSimulator.ActiveCfg = Debug|Any CPU
		{602F8EDF-2FBD-429F-8296-252CFE0A95C6}.Debug|iPhoneSimulator.Build.0 = Debug|Any CPU
		{602F8EDF-2FBD-429F-8296-252CFE0A95C6}.Debug|iPhoneSimulator.Deploy.0 = Debug|Any CPU
		{602F8EDF-2FBD-429F-8296-252CFE0A95C6}.Debug|x64.ActiveCfg = Debug|Any CPU
		{602F8EDF-2FBD-429F-8296-252CFE0A95C6}.Debug|x64.Build.0 = Debug|Any CPU
		{602F8EDF-2FBD-429F-8296-252CFE0A95C6}.Debug|x64.Deploy.0 = Debug|Any CPU
		{602F8EDF-2FBD-429F-8296-252CFE0A95C6}.Debug|x86.ActiveCfg = Debug|Any CPU
		{602F8EDF-2FBD-429F-8296-252CFE0A95C6}.Debug|x86.Build.0 = Debug|Any CPU
		{602F8EDF-2FBD-429F-8296-252CFE0A95C6}.Debug|x86.Deploy.0 = Debug|Any CPU
		{602F8EDF-2FBD-429F-8296-252CFE0A95C6}.Release|Any CPU.ActiveCfg = Release|Any CPU
		{602F8EDF-2FBD-429F-8296-252CFE0A95C6}.Release|Any CPU.Build.0 = Release|Any CPU
		{602F8EDF-2FBD-429F-8296-252CFE0A95C6}.Release|Any CPU.Deploy.0 = Release|Any CPU
		{602F8EDF-2FBD-429F-8296-252CFE0A95C6}.Release|ARM.ActiveCfg = Release|Any CPU
		{602F8EDF-2FBD-429F-8296-252CFE0A95C6}.Release|ARM.Build.0 = Release|Any CPU
		{602F8EDF-2FBD-429F-8296-252CFE0A95C6}.Release|ARM.Deploy.0 = Release|Any CPU
		{602F8EDF-2FBD-429F-8296-252CFE0A95C6}.Release|iPhone.ActiveCfg = Release|Any CPU
		{602F8EDF-2FBD-429F-8296-252CFE0A95C6}.Release|iPhone.Build.0 = Release|Any CPU
		{602F8EDF-2FBD-429F-8296-252CFE0A95C6}.Release|iPhone.Deploy.0 = Release|Any CPU
		{602F8EDF-2FBD-429F-8296-252CFE0A95C6}.Release|iPhoneSimulator.ActiveCfg = Release|Any CPU
		{602F8EDF-2FBD-429F-8296-252CFE0A95C6}.Release|iPhoneSimulator.Build.0 = Release|Any CPU
		{602F8EDF-2FBD-429F-8296-252CFE0A95C6}.Release|iPhoneSimulator.Deploy.0 = Release|Any CPU
		{602F8EDF-2FBD-429F-8296-252CFE0A95C6}.Release|x64.ActiveCfg = Release|Any CPU
		{602F8EDF-2FBD-429F-8296-252CFE0A95C6}.Release|x64.Build.0 = Release|Any CPU
		{602F8EDF-2FBD-429F-8296-252CFE0A95C6}.Release|x64.Deploy.0 = Release|Any CPU
		{602F8EDF-2FBD-429F-8296-252CFE0A95C6}.Release|x86.ActiveCfg = Release|Any CPU
		{602F8EDF-2FBD-429F-8296-252CFE0A95C6}.Release|x86.Build.0 = Release|Any CPU
		{602F8EDF-2FBD-429F-8296-252CFE0A95C6}.Release|x86.Deploy.0 = Release|Any CPU
		{56C31E33-4D8A-49C5-9BD7-E5E7AA1135B7}.Ad-Hoc|Any CPU.ActiveCfg = Ad-Hoc|iPhone
		{56C31E33-4D8A-49C5-9BD7-E5E7AA1135B7}.Ad-Hoc|ARM.ActiveCfg = Ad-Hoc|iPhone
		{56C31E33-4D8A-49C5-9BD7-E5E7AA1135B7}.Ad-Hoc|iPhone.ActiveCfg = Ad-Hoc|iPhone
		{56C31E33-4D8A-49C5-9BD7-E5E7AA1135B7}.Ad-Hoc|iPhone.Build.0 = Ad-Hoc|iPhone
		{56C31E33-4D8A-49C5-9BD7-E5E7AA1135B7}.Ad-Hoc|iPhoneSimulator.ActiveCfg = Ad-Hoc|iPhoneSimulator
		{56C31E33-4D8A-49C5-9BD7-E5E7AA1135B7}.Ad-Hoc|iPhoneSimulator.Build.0 = Ad-Hoc|iPhoneSimulator
		{56C31E33-4D8A-49C5-9BD7-E5E7AA1135B7}.Ad-Hoc|x64.ActiveCfg = Ad-Hoc|iPhone
		{56C31E33-4D8A-49C5-9BD7-E5E7AA1135B7}.Ad-Hoc|x86.ActiveCfg = Ad-Hoc|iPhone
		{56C31E33-4D8A-49C5-9BD7-E5E7AA1135B7}.AppStore|Any CPU.ActiveCfg = AppStore|iPhone
		{56C31E33-4D8A-49C5-9BD7-E5E7AA1135B7}.AppStore|ARM.ActiveCfg = AppStore|iPhone
		{56C31E33-4D8A-49C5-9BD7-E5E7AA1135B7}.AppStore|iPhone.ActiveCfg = AppStore|iPhone
		{56C31E33-4D8A-49C5-9BD7-E5E7AA1135B7}.AppStore|iPhone.Build.0 = AppStore|iPhone
		{56C31E33-4D8A-49C5-9BD7-E5E7AA1135B7}.AppStore|iPhoneSimulator.ActiveCfg = AppStore|iPhoneSimulator
		{56C31E33-4D8A-49C5-9BD7-E5E7AA1135B7}.AppStore|iPhoneSimulator.Build.0 = AppStore|iPhoneSimulator
		{56C31E33-4D8A-49C5-9BD7-E5E7AA1135B7}.AppStore|x64.ActiveCfg = AppStore|iPhone
		{56C31E33-4D8A-49C5-9BD7-E5E7AA1135B7}.AppStore|x86.ActiveCfg = AppStore|iPhone
		{56C31E33-4D8A-49C5-9BD7-E5E7AA1135B7}.Debug|Any CPU.ActiveCfg = Debug|iPhone
		{56C31E33-4D8A-49C5-9BD7-E5E7AA1135B7}.Debug|ARM.ActiveCfg = Debug|iPhone
		{56C31E33-4D8A-49C5-9BD7-E5E7AA1135B7}.Debug|iPhone.ActiveCfg = Debug|iPhone
		{56C31E33-4D8A-49C5-9BD7-E5E7AA1135B7}.Debug|iPhone.Build.0 = Debug|iPhone
		{56C31E33-4D8A-49C5-9BD7-E5E7AA1135B7}.Debug|iPhoneSimulator.ActiveCfg = Debug|iPhoneSimulator
		{56C31E33-4D8A-49C5-9BD7-E5E7AA1135B7}.Debug|iPhoneSimulator.Build.0 = Debug|iPhoneSimulator
		{56C31E33-4D8A-49C5-9BD7-E5E7AA1135B7}.Debug|x64.ActiveCfg = Debug|iPhone
		{56C31E33-4D8A-49C5-9BD7-E5E7AA1135B7}.Debug|x86.ActiveCfg = Debug|iPhone
		{56C31E33-4D8A-49C5-9BD7-E5E7AA1135B7}.Release|Any CPU.ActiveCfg = Release|iPhone
		{56C31E33-4D8A-49C5-9BD7-E5E7AA1135B7}.Release|ARM.ActiveCfg = Release|iPhone
		{56C31E33-4D8A-49C5-9BD7-E5E7AA1135B7}.Release|iPhone.ActiveCfg = Release|iPhone
		{56C31E33-4D8A-49C5-9BD7-E5E7AA1135B7}.Release|iPhone.Build.0 = Release|iPhone
		{56C31E33-4D8A-49C5-9BD7-E5E7AA1135B7}.Release|iPhoneSimulator.ActiveCfg = Release|iPhoneSimulator
		{56C31E33-4D8A-49C5-9BD7-E5E7AA1135B7}.Release|iPhoneSimulator.Build.0 = Release|iPhoneSimulator
		{56C31E33-4D8A-49C5-9BD7-E5E7AA1135B7}.Release|x64.ActiveCfg = Release|iPhone
		{56C31E33-4D8A-49C5-9BD7-E5E7AA1135B7}.Release|x86.ActiveCfg = Release|iPhone
		{B5842546-0D0A-4F2B-8FC8-C2AE3255908D}.Ad-Hoc|Any CPU.ActiveCfg = Release|x86
		{B5842546-0D0A-4F2B-8FC8-C2AE3255908D}.Ad-Hoc|Any CPU.Build.0 = Release|x86
		{B5842546-0D0A-4F2B-8FC8-C2AE3255908D}.Ad-Hoc|Any CPU.Deploy.0 = Release|x86
		{B5842546-0D0A-4F2B-8FC8-C2AE3255908D}.Ad-Hoc|ARM.ActiveCfg = Release|ARM
		{B5842546-0D0A-4F2B-8FC8-C2AE3255908D}.Ad-Hoc|ARM.Build.0 = Release|ARM
		{B5842546-0D0A-4F2B-8FC8-C2AE3255908D}.Ad-Hoc|ARM.Deploy.0 = Release|ARM
		{B5842546-0D0A-4F2B-8FC8-C2AE3255908D}.Ad-Hoc|iPhone.ActiveCfg = Release|x86
		{B5842546-0D0A-4F2B-8FC8-C2AE3255908D}.Ad-Hoc|iPhone.Build.0 = Release|x86
		{B5842546-0D0A-4F2B-8FC8-C2AE3255908D}.Ad-Hoc|iPhone.Deploy.0 = Release|x86
		{B5842546-0D0A-4F2B-8FC8-C2AE3255908D}.Ad-Hoc|iPhoneSimulator.ActiveCfg = Release|x86
		{B5842546-0D0A-4F2B-8FC8-C2AE3255908D}.Ad-Hoc|iPhoneSimulator.Build.0 = Release|x86
		{B5842546-0D0A-4F2B-8FC8-C2AE3255908D}.Ad-Hoc|iPhoneSimulator.Deploy.0 = Release|x86
		{B5842546-0D0A-4F2B-8FC8-C2AE3255908D}.Ad-Hoc|x64.ActiveCfg = Release|x64
		{B5842546-0D0A-4F2B-8FC8-C2AE3255908D}.Ad-Hoc|x64.Build.0 = Release|x64
		{B5842546-0D0A-4F2B-8FC8-C2AE3255908D}.Ad-Hoc|x64.Deploy.0 = Release|x64
		{B5842546-0D0A-4F2B-8FC8-C2AE3255908D}.Ad-Hoc|x86.ActiveCfg = Release|x86
		{B5842546-0D0A-4F2B-8FC8-C2AE3255908D}.Ad-Hoc|x86.Build.0 = Release|x86
		{B5842546-0D0A-4F2B-8FC8-C2AE3255908D}.Ad-Hoc|x86.Deploy.0 = Release|x86
		{B5842546-0D0A-4F2B-8FC8-C2AE3255908D}.AppStore|Any CPU.ActiveCfg = Release|x86
		{B5842546-0D0A-4F2B-8FC8-C2AE3255908D}.AppStore|Any CPU.Build.0 = Release|x86
		{B5842546-0D0A-4F2B-8FC8-C2AE3255908D}.AppStore|Any CPU.Deploy.0 = Release|x86
		{B5842546-0D0A-4F2B-8FC8-C2AE3255908D}.AppStore|ARM.ActiveCfg = Release|ARM
		{B5842546-0D0A-4F2B-8FC8-C2AE3255908D}.AppStore|ARM.Build.0 = Release|ARM
		{B5842546-0D0A-4F2B-8FC8-C2AE3255908D}.AppStore|ARM.Deploy.0 = Release|ARM
		{B5842546-0D0A-4F2B-8FC8-C2AE3255908D}.AppStore|iPhone.ActiveCfg = Release|x86
		{B5842546-0D0A-4F2B-8FC8-C2AE3255908D}.AppStore|iPhone.Build.0 = Release|x86
		{B5842546-0D0A-4F2B-8FC8-C2AE3255908D}.AppStore|iPhone.Deploy.0 = Release|x86
		{B5842546-0D0A-4F2B-8FC8-C2AE3255908D}.AppStore|iPhoneSimulator.ActiveCfg = Release|x86
		{B5842546-0D0A-4F2B-8FC8-C2AE3255908D}.AppStore|iPhoneSimulator.Build.0 = Release|x86
		{B5842546-0D0A-4F2B-8FC8-C2AE3255908D}.AppStore|iPhoneSimulator.Deploy.0 = Release|x86
		{B5842546-0D0A-4F2B-8FC8-C2AE3255908D}.AppStore|x64.ActiveCfg = Release|x64
		{B5842546-0D0A-4F2B-8FC8-C2AE3255908D}.AppStore|x64.Build.0 = Release|x64
		{B5842546-0D0A-4F2B-8FC8-C2AE3255908D}.AppStore|x64.Deploy.0 = Release|x64
		{B5842546-0D0A-4F2B-8FC8-C2AE3255908D}.AppStore|x86.ActiveCfg = Release|x86
		{B5842546-0D0A-4F2B-8FC8-C2AE3255908D}.AppStore|x86.Build.0 = Release|x86
		{B5842546-0D0A-4F2B-8FC8-C2AE3255908D}.AppStore|x86.Deploy.0 = Release|x86
		{B5842546-0D0A-4F2B-8FC8-C2AE3255908D}.Debug|Any CPU.ActiveCfg = Debug|x86
		{B5842546-0D0A-4F2B-8FC8-C2AE3255908D}.Debug|ARM.ActiveCfg = Debug|ARM
		{B5842546-0D0A-4F2B-8FC8-C2AE3255908D}.Debug|ARM.Build.0 = Debug|ARM
		{B5842546-0D0A-4F2B-8FC8-C2AE3255908D}.Debug|ARM.Deploy.0 = Debug|ARM
		{B5842546-0D0A-4F2B-8FC8-C2AE3255908D}.Debug|iPhone.ActiveCfg = Debug|x86
		{B5842546-0D0A-4F2B-8FC8-C2AE3255908D}.Debug|iPhoneSimulator.ActiveCfg = Debug|x86
		{B5842546-0D0A-4F2B-8FC8-C2AE3255908D}.Debug|x64.ActiveCfg = Debug|x64
		{B5842546-0D0A-4F2B-8FC8-C2AE3255908D}.Debug|x64.Build.0 = Debug|x64
		{B5842546-0D0A-4F2B-8FC8-C2AE3255908D}.Debug|x64.Deploy.0 = Debug|x64
		{B5842546-0D0A-4F2B-8FC8-C2AE3255908D}.Debug|x86.ActiveCfg = Debug|x86
		{B5842546-0D0A-4F2B-8FC8-C2AE3255908D}.Debug|x86.Build.0 = Debug|x86
		{B5842546-0D0A-4F2B-8FC8-C2AE3255908D}.Debug|x86.Deploy.0 = Debug|x86
		{B5842546-0D0A-4F2B-8FC8-C2AE3255908D}.Release|Any CPU.ActiveCfg = Release|x86
		{B5842546-0D0A-4F2B-8FC8-C2AE3255908D}.Release|ARM.ActiveCfg = Release|ARM
		{B5842546-0D0A-4F2B-8FC8-C2AE3255908D}.Release|ARM.Build.0 = Release|ARM
		{B5842546-0D0A-4F2B-8FC8-C2AE3255908D}.Release|ARM.Deploy.0 = Release|ARM
		{B5842546-0D0A-4F2B-8FC8-C2AE3255908D}.Release|iPhone.ActiveCfg = Release|x86
		{B5842546-0D0A-4F2B-8FC8-C2AE3255908D}.Release|iPhoneSimulator.ActiveCfg = Release|x86
		{B5842546-0D0A-4F2B-8FC8-C2AE3255908D}.Release|x64.ActiveCfg = Release|x64
		{B5842546-0D0A-4F2B-8FC8-C2AE3255908D}.Release|x64.Build.0 = Release|x64
		{B5842546-0D0A-4F2B-8FC8-C2AE3255908D}.Release|x64.Deploy.0 = Release|x64
		{B5842546-0D0A-4F2B-8FC8-C2AE3255908D}.Release|x86.ActiveCfg = Release|x86
		{B5842546-0D0A-4F2B-8FC8-C2AE3255908D}.Release|x86.Build.0 = Release|x86
		{B5842546-0D0A-4F2B-8FC8-C2AE3255908D}.Release|x86.Deploy.0 = Release|x86
		{1ED9584A-3155-404E-9104-A5B60E2F5589}.Ad-Hoc|Any CPU.ActiveCfg = Debug|Any CPU
		{1ED9584A-3155-404E-9104-A5B60E2F5589}.Ad-Hoc|Any CPU.Build.0 = Debug|Any CPU
		{1ED9584A-3155-404E-9104-A5B60E2F5589}.Ad-Hoc|ARM.ActiveCfg = Debug|Any CPU
		{1ED9584A-3155-404E-9104-A5B60E2F5589}.Ad-Hoc|ARM.Build.0 = Debug|Any CPU
		{1ED9584A-3155-404E-9104-A5B60E2F5589}.Ad-Hoc|iPhone.ActiveCfg = Debug|Any CPU
		{1ED9584A-3155-404E-9104-A5B60E2F5589}.Ad-Hoc|iPhone.Build.0 = Debug|Any CPU
		{1ED9584A-3155-404E-9104-A5B60E2F5589}.Ad-Hoc|iPhoneSimulator.ActiveCfg = Debug|Any CPU
		{1ED9584A-3155-404E-9104-A5B60E2F5589}.Ad-Hoc|iPhoneSimulator.Build.0 = Debug|Any CPU
		{1ED9584A-3155-404E-9104-A5B60E2F5589}.Ad-Hoc|x64.ActiveCfg = Debug|Any CPU
		{1ED9584A-3155-404E-9104-A5B60E2F5589}.Ad-Hoc|x64.Build.0 = Debug|Any CPU
		{1ED9584A-3155-404E-9104-A5B60E2F5589}.Ad-Hoc|x86.ActiveCfg = Debug|Any CPU
		{1ED9584A-3155-404E-9104-A5B60E2F5589}.Ad-Hoc|x86.Build.0 = Debug|Any CPU
		{1ED9584A-3155-404E-9104-A5B60E2F5589}.AppStore|Any CPU.ActiveCfg = Debug|Any CPU
		{1ED9584A-3155-404E-9104-A5B60E2F5589}.AppStore|Any CPU.Build.0 = Debug|Any CPU
		{1ED9584A-3155-404E-9104-A5B60E2F5589}.AppStore|ARM.ActiveCfg = Debug|Any CPU
		{1ED9584A-3155-404E-9104-A5B60E2F5589}.AppStore|ARM.Build.0 = Debug|Any CPU
		{1ED9584A-3155-404E-9104-A5B60E2F5589}.AppStore|iPhone.ActiveCfg = Debug|Any CPU
		{1ED9584A-3155-404E-9104-A5B60E2F5589}.AppStore|iPhone.Build.0 = Debug|Any CPU
		{1ED9584A-3155-404E-9104-A5B60E2F5589}.AppStore|iPhoneSimulator.ActiveCfg = Debug|Any CPU
		{1ED9584A-3155-404E-9104-A5B60E2F5589}.AppStore|iPhoneSimulator.Build.0 = Debug|Any CPU
		{1ED9584A-3155-404E-9104-A5B60E2F5589}.AppStore|x64.ActiveCfg = Debug|Any CPU
		{1ED9584A-3155-404E-9104-A5B60E2F5589}.AppStore|x64.Build.0 = Debug|Any CPU
		{1ED9584A-3155-404E-9104-A5B60E2F5589}.AppStore|x86.ActiveCfg = Debug|Any CPU
		{1ED9584A-3155-404E-9104-A5B60E2F5589}.AppStore|x86.Build.0 = Debug|Any CPU
		{1ED9584A-3155-404E-9104-A5B60E2F5589}.Debug|Any CPU.ActiveCfg = Debug|Any CPU
		{1ED9584A-3155-404E-9104-A5B60E2F5589}.Debug|Any CPU.Build.0 = Debug|Any CPU
		{1ED9584A-3155-404E-9104-A5B60E2F5589}.Debug|ARM.ActiveCfg = Debug|Any CPU
		{1ED9584A-3155-404E-9104-A5B60E2F5589}.Debug|ARM.Build.0 = Debug|Any CPU
		{1ED9584A-3155-404E-9104-A5B60E2F5589}.Debug|iPhone.ActiveCfg = Debug|Any CPU
		{1ED9584A-3155-404E-9104-A5B60E2F5589}.Debug|iPhone.Build.0 = Debug|Any CPU
		{1ED9584A-3155-404E-9104-A5B60E2F5589}.Debug|iPhoneSimulator.ActiveCfg = Debug|Any CPU
		{1ED9584A-3155-404E-9104-A5B60E2F5589}.Debug|iPhoneSimulator.Build.0 = Debug|Any CPU
		{1ED9584A-3155-404E-9104-A5B60E2F5589}.Debug|x64.ActiveCfg = Debug|Any CPU
		{1ED9584A-3155-404E-9104-A5B60E2F5589}.Debug|x64.Build.0 = Debug|Any CPU
		{1ED9584A-3155-404E-9104-A5B60E2F5589}.Debug|x86.ActiveCfg = Debug|Any CPU
		{1ED9584A-3155-404E-9104-A5B60E2F5589}.Debug|x86.Build.0 = Debug|Any CPU
		{1ED9584A-3155-404E-9104-A5B60E2F5589}.Release|Any CPU.ActiveCfg = Release|Any CPU
		{1ED9584A-3155-404E-9104-A5B60E2F5589}.Release|Any CPU.Build.0 = Release|Any CPU
		{1ED9584A-3155-404E-9104-A5B60E2F5589}.Release|ARM.ActiveCfg = Release|Any CPU
		{1ED9584A-3155-404E-9104-A5B60E2F5589}.Release|ARM.Build.0 = Release|Any CPU
		{1ED9584A-3155-404E-9104-A5B60E2F5589}.Release|iPhone.ActiveCfg = Release|Any CPU
		{1ED9584A-3155-404E-9104-A5B60E2F5589}.Release|iPhone.Build.0 = Release|Any CPU
		{1ED9584A-3155-404E-9104-A5B60E2F5589}.Release|iPhoneSimulator.ActiveCfg = Release|Any CPU
		{1ED9584A-3155-404E-9104-A5B60E2F5589}.Release|iPhoneSimulator.Build.0 = Release|Any CPU
		{1ED9584A-3155-404E-9104-A5B60E2F5589}.Release|x64.ActiveCfg = Release|Any CPU
		{1ED9584A-3155-404E-9104-A5B60E2F5589}.Release|x64.Build.0 = Release|Any CPU
		{1ED9584A-3155-404E-9104-A5B60E2F5589}.Release|x86.ActiveCfg = Release|Any CPU
		{1ED9584A-3155-404E-9104-A5B60E2F5589}.Release|x86.Build.0 = Release|Any CPU
		{EEABBD19-B002-4BCD-A476-17BF306C9813}.Ad-Hoc|Any CPU.ActiveCfg = Debug|Any CPU
		{EEABBD19-B002-4BCD-A476-17BF306C9813}.Ad-Hoc|Any CPU.Build.0 = Debug|Any CPU
		{EEABBD19-B002-4BCD-A476-17BF306C9813}.Ad-Hoc|ARM.ActiveCfg = Debug|Any CPU
		{EEABBD19-B002-4BCD-A476-17BF306C9813}.Ad-Hoc|ARM.Build.0 = Debug|Any CPU
		{EEABBD19-B002-4BCD-A476-17BF306C9813}.Ad-Hoc|iPhone.ActiveCfg = Debug|Any CPU
		{EEABBD19-B002-4BCD-A476-17BF306C9813}.Ad-Hoc|iPhone.Build.0 = Debug|Any CPU
		{EEABBD19-B002-4BCD-A476-17BF306C9813}.Ad-Hoc|iPhoneSimulator.ActiveCfg = Debug|Any CPU
		{EEABBD19-B002-4BCD-A476-17BF306C9813}.Ad-Hoc|iPhoneSimulator.Build.0 = Debug|Any CPU
		{EEABBD19-B002-4BCD-A476-17BF306C9813}.Ad-Hoc|x64.ActiveCfg = Debug|Any CPU
		{EEABBD19-B002-4BCD-A476-17BF306C9813}.Ad-Hoc|x64.Build.0 = Debug|Any CPU
		{EEABBD19-B002-4BCD-A476-17BF306C9813}.Ad-Hoc|x86.ActiveCfg = Debug|Any CPU
		{EEABBD19-B002-4BCD-A476-17BF306C9813}.Ad-Hoc|x86.Build.0 = Debug|Any CPU
		{EEABBD19-B002-4BCD-A476-17BF306C9813}.AppStore|Any CPU.ActiveCfg = Debug|Any CPU
		{EEABBD19-B002-4BCD-A476-17BF306C9813}.AppStore|Any CPU.Build.0 = Debug|Any CPU
		{EEABBD19-B002-4BCD-A476-17BF306C9813}.AppStore|ARM.ActiveCfg = Debug|Any CPU
		{EEABBD19-B002-4BCD-A476-17BF306C9813}.AppStore|ARM.Build.0 = Debug|Any CPU
		{EEABBD19-B002-4BCD-A476-17BF306C9813}.AppStore|iPhone.ActiveCfg = Debug|Any CPU
		{EEABBD19-B002-4BCD-A476-17BF306C9813}.AppStore|iPhone.Build.0 = Debug|Any CPU
		{EEABBD19-B002-4BCD-A476-17BF306C9813}.AppStore|iPhoneSimulator.ActiveCfg = Debug|Any CPU
		{EEABBD19-B002-4BCD-A476-17BF306C9813}.AppStore|iPhoneSimulator.Build.0 = Debug|Any CPU
		{EEABBD19-B002-4BCD-A476-17BF306C9813}.AppStore|x64.ActiveCfg = Debug|Any CPU
		{EEABBD19-B002-4BCD-A476-17BF306C9813}.AppStore|x64.Build.0 = Debug|Any CPU
		{EEABBD19-B002-4BCD-A476-17BF306C9813}.AppStore|x86.ActiveCfg = Debug|Any CPU
		{EEABBD19-B002-4BCD-A476-17BF306C9813}.AppStore|x86.Build.0 = Debug|Any CPU
		{EEABBD19-B002-4BCD-A476-17BF306C9813}.Debug|Any CPU.ActiveCfg = Debug|Any CPU
		{EEABBD19-B002-4BCD-A476-17BF306C9813}.Debug|Any CPU.Build.0 = Debug|Any CPU
		{EEABBD19-B002-4BCD-A476-17BF306C9813}.Debug|ARM.ActiveCfg = Debug|Any CPU
		{EEABBD19-B002-4BCD-A476-17BF306C9813}.Debug|ARM.Build.0 = Debug|Any CPU
		{EEABBD19-B002-4BCD-A476-17BF306C9813}.Debug|iPhone.ActiveCfg = Debug|Any CPU
		{EEABBD19-B002-4BCD-A476-17BF306C9813}.Debug|iPhone.Build.0 = Debug|Any CPU
		{EEABBD19-B002-4BCD-A476-17BF306C9813}.Debug|iPhoneSimulator.ActiveCfg = Debug|Any CPU
		{EEABBD19-B002-4BCD-A476-17BF306C9813}.Debug|iPhoneSimulator.Build.0 = Debug|Any CPU
		{EEABBD19-B002-4BCD-A476-17BF306C9813}.Debug|x64.ActiveCfg = Debug|Any CPU
		{EEABBD19-B002-4BCD-A476-17BF306C9813}.Debug|x64.Build.0 = Debug|Any CPU
		{EEABBD19-B002-4BCD-A476-17BF306C9813}.Debug|x86.ActiveCfg = Debug|Any CPU
		{EEABBD19-B002-4BCD-A476-17BF306C9813}.Debug|x86.Build.0 = Debug|Any CPU
		{EEABBD19-B002-4BCD-A476-17BF306C9813}.Release|Any CPU.ActiveCfg = Release|Any CPU
		{EEABBD19-B002-4BCD-A476-17BF306C9813}.Release|Any CPU.Build.0 = Release|Any CPU
		{EEABBD19-B002-4BCD-A476-17BF306C9813}.Release|ARM.ActiveCfg = Release|Any CPU
		{EEABBD19-B002-4BCD-A476-17BF306C9813}.Release|ARM.Build.0 = Release|Any CPU
		{EEABBD19-B002-4BCD-A476-17BF306C9813}.Release|iPhone.ActiveCfg = Release|Any CPU
		{EEABBD19-B002-4BCD-A476-17BF306C9813}.Release|iPhone.Build.0 = Release|Any CPU
		{EEABBD19-B002-4BCD-A476-17BF306C9813}.Release|iPhoneSimulator.ActiveCfg = Release|Any CPU
		{EEABBD19-B002-4BCD-A476-17BF306C9813}.Release|iPhoneSimulator.Build.0 = Release|Any CPU
		{EEABBD19-B002-4BCD-A476-17BF306C9813}.Release|x64.ActiveCfg = Release|Any CPU
		{EEABBD19-B002-4BCD-A476-17BF306C9813}.Release|x64.Build.0 = Release|Any CPU
		{EEABBD19-B002-4BCD-A476-17BF306C9813}.Release|x86.ActiveCfg = Release|Any CPU
		{EEABBD19-B002-4BCD-A476-17BF306C9813}.Release|x86.Build.0 = Release|Any CPU
	EndGlobalSection
	GlobalSection(SolutionProperties) = preSolution
		HideSolutionNode = FALSE
	EndGlobalSection
	GlobalSection(ExtensibilityGlobals) = postSolution
		SolutionGuid = {BE385838-5B99-4213-9C06-7B8D2187BF78}
	EndGlobalSection
EndGlobal
