
Microsoft Visual Studio Solution File, Format Version 12.00
# Visual Studio 15
VisualStudioVersion = 15.0.27130.2010
MinimumVisualStudioVersion = 10.0.40219.1
Project("{FAE04EC0-301F-11D3-BF4B-00C04F79EFBC}") = "BusinessCardReader", "BusinessCardReader\BusinessCardReader\BusinessCardReader.csproj", "{38964352-E8C6-4058-ABF6-2895D00C5469}"
EndProject
Project("{FAE04EC0-301F-11D3-BF4B-00C04F79EFBC}") = "BusinessCardReader.Android", "BusinessCardReader\BusinessCardReader.Android\BusinessCardReader.Android.csproj", "{228DF7DA-323E-4FA7-9D5B-3760D9EA7615}"
EndProject
Project("{FAE04EC0-301F-11D3-BF4B-00C04F79EFBC}") = "BusinessCardReader.iOS", "BusinessCardReader\BusinessCardReader.iOS\BusinessCardReader.iOS.csproj", "{B742B183-4152-4372-8A81-3B3B70E8253F}"
EndProject
Project("{9A19103F-16F7-4668-BE54-9A1E7A4F7556}") = "BusinessCardScanner.Cognitive", "..\BusinessCardScanner.Cognitive\BusinessCardScanner.Cognitive.csproj", "{0378A708-6D67-45BA-A9F4-8E3687895943}"
EndProject
Global
	GlobalSection(SolutionConfigurationPlatforms) = preSolution
		Ad-Hoc|Any CPU = Ad-Hoc|Any CPU
		Ad-Hoc|iPhone = Ad-Hoc|iPhone
		Ad-Hoc|iPhoneSimulator = Ad-Hoc|iPhoneSimulator
		AppStore|Any CPU = AppStore|Any CPU
		AppStore|iPhone = AppStore|iPhone
		AppStore|iPhoneSimulator = AppStore|iPhoneSimulator
		Debug|Any CPU = Debug|Any CPU
		Debug|iPhone = Debug|iPhone
		Debug|iPhoneSimulator = Debug|iPhoneSimulator
		Release|Any CPU = Release|Any CPU
		Release|iPhone = Release|iPhone
		Release|iPhoneSimulator = Release|iPhoneSimulator
	EndGlobalSection
	GlobalSection(ProjectConfigurationPlatforms) = postSolution
		{38964352-E8C6-4058-ABF6-2895D00C5469}.Ad-Hoc|Any CPU.ActiveCfg = Debug|Any CPU
		{38964352-E8C6-4058-ABF6-2895D00C5469}.Ad-Hoc|Any CPU.Build.0 = Debug|Any CPU
		{38964352-E8C6-4058-ABF6-2895D00C5469}.Ad-Hoc|iPhone.ActiveCfg = Debug|Any CPU
		{38964352-E8C6-4058-ABF6-2895D00C5469}.Ad-Hoc|iPhone.Build.0 = Debug|Any CPU
		{38964352-E8C6-4058-ABF6-2895D00C5469}.Ad-Hoc|iPhoneSimulator.ActiveCfg = Debug|Any CPU
		{38964352-E8C6-4058-ABF6-2895D00C5469}.Ad-Hoc|iPhoneSimulator.Build.0 = Debug|Any CPU
		{38964352-E8C6-4058-ABF6-2895D00C5469}.AppStore|Any CPU.ActiveCfg = Debug|Any CPU
		{38964352-E8C6-4058-ABF6-2895D00C5469}.AppStore|Any CPU.Build.0 = Debug|Any CPU
		{38964352-E8C6-4058-ABF6-2895D00C5469}.AppStore|iPhone.ActiveCfg = Debug|Any CPU
		{38964352-E8C6-4058-ABF6-2895D00C5469}.AppStore|iPhone.Build.0 = Debug|Any CPU
		{38964352-E8C6-4058-ABF6-2895D00C5469}.AppStore|iPhoneSimulator.ActiveCfg = Debug|Any CPU
		{38964352-E8C6-4058-ABF6-2895D00C5469}.AppStore|iPhoneSimulator.Build.0 = Debug|Any CPU
		{38964352-E8C6-4058-ABF6-2895D00C5469}.Debug|Any CPU.ActiveCfg = Debug|Any CPU
		{38964352-E8C6-4058-ABF6-2895D00C5469}.Debug|Any CPU.Build.0 = Debug|Any CPU
		{38964352-E8C6-4058-ABF6-2895D00C5469}.Debug|iPhone.ActiveCfg = Debug|Any CPU
		{38964352-E8C6-4058-ABF6-2895D00C5469}.Debug|iPhone.Build.0 = Debug|Any CPU
		{38964352-E8C6-4058-ABF6-2895D00C5469}.Debug|iPhoneSimulator.ActiveCfg = Debug|Any CPU
		{38964352-E8C6-4058-ABF6-2895D00C5469}.Debug|iPhoneSimulator.Build.0 = Debug|Any CPU
		{38964352-E8C6-4058-ABF6-2895D00C5469}.Release|Any CPU.ActiveCfg = Release|Any CPU
		{38964352-E8C6-4058-ABF6-2895D00C5469}.Release|Any CPU.Build.0 = Release|Any CPU
		{38964352-E8C6-4058-ABF6-2895D00C5469}.Release|iPhone.ActiveCfg = Release|Any CPU
		{38964352-E8C6-4058-ABF6-2895D00C5469}.Release|iPhone.Build.0 = Release|Any CPU
		{38964352-E8C6-4058-ABF6-2895D00C5469}.Release|iPhoneSimulator.ActiveCfg = Release|Any CPU
		{38964352-E8C6-4058-ABF6-2895D00C5469}.Release|iPhoneSimulator.Build.0 = Release|Any CPU
		{228DF7DA-323E-4FA7-9D5B-3760D9EA7615}.Ad-Hoc|Any CPU.ActiveCfg = Release|Any CPU
		{228DF7DA-323E-4FA7-9D5B-3760D9EA7615}.Ad-Hoc|Any CPU.Build.0 = Release|Any CPU
		{228DF7DA-323E-4FA7-9D5B-3760D9EA7615}.Ad-Hoc|Any CPU.Deploy.0 = Release|Any CPU
		{228DF7DA-323E-4FA7-9D5B-3760D9EA7615}.Ad-Hoc|iPhone.ActiveCfg = Release|Any CPU
		{228DF7DA-323E-4FA7-9D5B-3760D9EA7615}.Ad-Hoc|iPhone.Build.0 = Release|Any CPU
		{228DF7DA-323E-4FA7-9D5B-3760D9EA7615}.Ad-Hoc|iPhone.Deploy.0 = Release|Any CPU
		{228DF7DA-323E-4FA7-9D5B-3760D9EA7615}.Ad-Hoc|iPhoneSimulator.ActiveCfg = Release|Any CPU
		{228DF7DA-323E-4FA7-9D5B-3760D9EA7615}.Ad-Hoc|iPhoneSimulator.Build.0 = Release|Any CPU
		{228DF7DA-323E-4FA7-9D5B-3760D9EA7615}.Ad-Hoc|iPhoneSimulator.Deploy.0 = Release|Any CPU
		{228DF7DA-323E-4FA7-9D5B-3760D9EA7615}.AppStore|Any CPU.ActiveCfg = Release|Any CPU
		{228DF7DA-323E-4FA7-9D5B-3760D9EA7615}.AppStore|Any CPU.Build.0 = Release|Any CPU
		{228DF7DA-323E-4FA7-9D5B-3760D9EA7615}.AppStore|Any CPU.Deploy.0 = Release|Any CPU
		{228DF7DA-323E-4FA7-9D5B-3760D9EA7615}.AppStore|iPhone.ActiveCfg = Release|Any CPU
		{228DF7DA-323E-4FA7-9D5B-3760D9EA7615}.AppStore|iPhone.Build.0 = Release|Any CPU
		{228DF7DA-323E-4FA7-9D5B-3760D9EA7615}.AppStore|iPhone.Deploy.0 = Release|Any CPU
		{228DF7DA-323E-4FA7-9D5B-3760D9EA7615}.AppStore|iPhoneSimulator.ActiveCfg = Release|Any CPU
		{228DF7DA-323E-4FA7-9D5B-3760D9EA7615}.AppStore|iPhoneSimulator.Build.0 = Release|Any CPU
		{228DF7DA-323E-4FA7-9D5B-3760D9EA7615}.AppStore|iPhoneSimulator.Deploy.0 = Release|Any CPU
		{228DF7DA-323E-4FA7-9D5B-3760D9EA7615}.Debug|Any CPU.ActiveCfg = Debug|Any CPU
		{228DF7DA-323E-4FA7-9D5B-3760D9EA7615}.Debug|Any CPU.Build.0 = Debug|Any CPU
		{228DF7DA-323E-4FA7-9D5B-3760D9EA7615}.Debug|Any CPU.Deploy.0 = Debug|Any CPU
		{228DF7DA-323E-4FA7-9D5B-3760D9EA7615}.Debug|iPhone.ActiveCfg = Debug|Any CPU
		{228DF7DA-323E-4FA7-9D5B-3760D9EA7615}.Debug|iPhone.Build.0 = Debug|Any CPU
		{228DF7DA-323E-4FA7-9D5B-3760D9EA7615}.Debug|iPhone.Deploy.0 = Debug|Any CPU
		{228DF7DA-323E-4FA7-9D5B-3760D9EA7615}.Debug|iPhoneSimulator.ActiveCfg = Debug|Any CPU
		{228DF7DA-323E-4FA7-9D5B-3760D9EA7615}.Debug|iPhoneSimulator.Build.0 = Debug|Any CPU
		{228DF7DA-323E-4FA7-9D5B-3760D9EA7615}.Debug|iPhoneSimulator.Deploy.0 = Debug|Any CPU
		{228DF7DA-323E-4FA7-9D5B-3760D9EA7615}.Release|Any CPU.ActiveCfg = Release|Any CPU
		{228DF7DA-323E-4FA7-9D5B-3760D9EA7615}.Release|Any CPU.Build.0 = Release|Any CPU
		{228DF7DA-323E-4FA7-9D5B-3760D9EA7615}.Release|Any CPU.Deploy.0 = Release|Any CPU
		{228DF7DA-323E-4FA7-9D5B-3760D9EA7615}.Release|iPhone.ActiveCfg = Release|Any CPU
		{228DF7DA-323E-4FA7-9D5B-3760D9EA7615}.Release|iPhone.Build.0 = Release|Any CPU
		{228DF7DA-323E-4FA7-9D5B-3760D9EA7615}.Release|iPhone.Deploy.0 = Release|Any CPU
		{228DF7DA-323E-4FA7-9D5B-3760D9EA7615}.Release|iPhoneSimulator.ActiveCfg = Release|Any CPU
		{228DF7DA-323E-4FA7-9D5B-3760D9EA7615}.Release|iPhoneSimulator.Build.0 = Release|Any CPU
		{228DF7DA-323E-4FA7-9D5B-3760D9EA7615}.Release|iPhoneSimulator.Deploy.0 = Release|Any CPU
		{B742B183-4152-4372-8A81-3B3B70E8253F}.Ad-Hoc|Any CPU.ActiveCfg = Ad-Hoc|iPhone
		{B742B183-4152-4372-8A81-3B3B70E8253F}.Ad-Hoc|iPhone.ActiveCfg = Ad-Hoc|iPhone
		{B742B183-4152-4372-8A81-3B3B70E8253F}.Ad-Hoc|iPhone.Build.0 = Ad-Hoc|iPhone
		{B742B183-4152-4372-8A81-3B3B70E8253F}.Ad-Hoc|iPhoneSimulator.ActiveCfg = Ad-Hoc|iPhoneSimulator
		{B742B183-4152-4372-8A81-3B3B70E8253F}.Ad-Hoc|iPhoneSimulator.Build.0 = Ad-Hoc|iPhoneSimulator
		{B742B183-4152-4372-8A81-3B3B70E8253F}.AppStore|Any CPU.ActiveCfg = AppStore|iPhone
		{B742B183-4152-4372-8A81-3B3B70E8253F}.AppStore|iPhone.ActiveCfg = AppStore|iPhone
		{B742B183-4152-4372-8A81-3B3B70E8253F}.AppStore|iPhone.Build.0 = AppStore|iPhone
		{B742B183-4152-4372-8A81-3B3B70E8253F}.AppStore|iPhoneSimulator.ActiveCfg = AppStore|iPhoneSimulator
		{B742B183-4152-4372-8A81-3B3B70E8253F}.AppStore|iPhoneSimulator.Build.0 = AppStore|iPhoneSimulator
		{B742B183-4152-4372-8A81-3B3B70E8253F}.Debug|Any CPU.ActiveCfg = Debug|iPhone
		{B742B183-4152-4372-8A81-3B3B70E8253F}.Debug|iPhone.ActiveCfg = Debug|iPhone
		{B742B183-4152-4372-8A81-3B3B70E8253F}.Debug|iPhone.Build.0 = Debug|iPhone
		{B742B183-4152-4372-8A81-3B3B70E8253F}.Debug|iPhoneSimulator.ActiveCfg = Debug|iPhoneSimulator
		{B742B183-4152-4372-8A81-3B3B70E8253F}.Debug|iPhoneSimulator.Build.0 = Debug|iPhoneSimulator
		{B742B183-4152-4372-8A81-3B3B70E8253F}.Release|Any CPU.ActiveCfg = Release|iPhone
		{B742B183-4152-4372-8A81-3B3B70E8253F}.Release|iPhone.ActiveCfg = Release|iPhone
		{B742B183-4152-4372-8A81-3B3B70E8253F}.Release|iPhone.Build.0 = Release|iPhone
		{B742B183-4152-4372-8A81-3B3B70E8253F}.Release|iPhoneSimulator.ActiveCfg = Release|iPhoneSimulator
		{B742B183-4152-4372-8A81-3B3B70E8253F}.Release|iPhoneSimulator.Build.0 = Release|iPhoneSimulator
		{0378A708-6D67-45BA-A9F4-8E3687895943}.Ad-Hoc|Any CPU.ActiveCfg = Debug|Any CPU
		{0378A708-6D67-45BA-A9F4-8E3687895943}.Ad-Hoc|Any CPU.Build.0 = Debug|Any CPU
		{0378A708-6D67-45BA-A9F4-8E3687895943}.Ad-Hoc|iPhone.ActiveCfg = Debug|Any CPU
		{0378A708-6D67-45BA-A9F4-8E3687895943}.Ad-Hoc|iPhone.Build.0 = Debug|Any CPU
		{0378A708-6D67-45BA-A9F4-8E3687895943}.Ad-Hoc|iPhoneSimulator.ActiveCfg = Debug|Any CPU
		{0378A708-6D67-45BA-A9F4-8E3687895943}.Ad-Hoc|iPhoneSimulator.Build.0 = Debug|Any CPU
		{0378A708-6D67-45BA-A9F4-8E3687895943}.AppStore|Any CPU.ActiveCfg = Debug|Any CPU
		{0378A708-6D67-45BA-A9F4-8E3687895943}.AppStore|Any CPU.Build.0 = Debug|Any CPU
		{0378A708-6D67-45BA-A9F4-8E3687895943}.AppStore|iPhone.ActiveCfg = Debug|Any CPU
		{0378A708-6D67-45BA-A9F4-8E3687895943}.AppStore|iPhone.Build.0 = Debug|Any CPU
		{0378A708-6D67-45BA-A9F4-8E3687895943}.AppStore|iPhoneSimulator.ActiveCfg = Debug|Any CPU
		{0378A708-6D67-45BA-A9F4-8E3687895943}.AppStore|iPhoneSimulator.Build.0 = Debug|Any CPU
		{0378A708-6D67-45BA-A9F4-8E3687895943}.Debug|Any CPU.ActiveCfg = Debug|Any CPU
		{0378A708-6D67-45BA-A9F4-8E3687895943}.Debug|Any CPU.Build.0 = Debug|Any CPU
		{0378A708-6D67-45BA-A9F4-8E3687895943}.Debug|iPhone.ActiveCfg = Debug|Any CPU
		{0378A708-6D67-45BA-A9F4-8E3687895943}.Debug|iPhone.Build.0 = Debug|Any CPU
		{0378A708-6D67-45BA-A9F4-8E3687895943}.Debug|iPhoneSimulator.ActiveCfg = Debug|Any CPU
		{0378A708-6D67-45BA-A9F4-8E3687895943}.Debug|iPhoneSimulator.Build.0 = Debug|Any CPU
		{0378A708-6D67-45BA-A9F4-8E3687895943}.Release|Any CPU.ActiveCfg = Release|Any CPU
		{0378A708-6D67-45BA-A9F4-8E3687895943}.Release|Any CPU.Build.0 = Release|Any CPU
		{0378A708-6D67-45BA-A9F4-8E3687895943}.Release|iPhone.ActiveCfg = Release|Any CPU
		{0378A708-6D67-45BA-A9F4-8E3687895943}.Release|iPhone.Build.0 = Release|Any CPU
		{0378A708-6D67-45BA-A9F4-8E3687895943}.Release|iPhoneSimulator.ActiveCfg = Release|Any CPU
		{0378A708-6D67-45BA-A9F4-8E3687895943}.Release|iPhoneSimulator.Build.0 = Release|Any CPU
	EndGlobalSection
	GlobalSection(SolutionProperties) = preSolution
		HideSolutionNode = FALSE
	EndGlobalSection
	GlobalSection(ExtensibilityGlobals) = postSolution
		SolutionGuid = {FF792D1F-CBEC-405B-9E5D-CD360CF85A89}
	EndGlobalSection
EndGlobal
